
Microsoft Visual Studio Solution File, Format Version 12.00
# Visual Studio Version 17
VisualStudioVersion = 17.3.32825.248
MinimumVisualStudioVersion = 10.0.40219.1
Project("{8BC9CEB8-8B4A-11D0-8D11-00A0C91BC942}") = "Cazel", "Cazel\Cazel.vcxproj", "{0E0DB775-CEB7-49AF-81F4-B0714BEAB49F}"
EndProject
Project("{8BC9CEB8-8B4A-11D0-8D11-00A0C91BC942}") = "Sandbox", "Sandbox\Sandbox.vcxproj", "{47F5DDDF-4FC5-4CE8-9AB7-9DC03620BC88}"
EndProject
Global
	GlobalSection(SolutionConfigurationPlatforms) = preSolution
		Debug|x64 = Debug|x64
		Release|x64 = Release|x64
	EndGlobalSection
	GlobalSection(ProjectConfigurationPlatforms) = postSolution
		{0E0DB775-CEB7-49AF-81F4-B0714BEAB49F}.Debug|x64.ActiveCfg = Debug|x64
		{0E0DB775-CEB7-49AF-81F4-B0714BEAB49F}.Debug|x64.Build.0 = Debug|x64
		{0E0DB775-CEB7-49AF-81F4-B0714BEAB49F}.Release|x64.ActiveCfg = Release|x64
		{0E0DB775-CEB7-49AF-81F4-B0714BEAB49F}.Release|x64.Build.0 = Release|x64
		{47F5DDDF-4FC5-4CE8-9AB7-9DC03620BC88}.Debug|x64.ActiveCfg = Debug|x64
		{47F5DDDF-4FC5-4CE8-9AB7-9DC03620BC88}.Debug|x64.Build.0 = Debug|x64
		{47F5DDDF-4FC5-4CE8-9AB7-9DC03620BC88}.Release|x64.ActiveCfg = Release|x64
		{47F5DDDF-4FC5-4CE8-9AB7-9DC03620BC88}.Release|x64.Build.0 = Release|x64
	EndGlobalSection
	GlobalSection(SolutionProperties) = preSolution
		HideSolutionNode = FALSE
	EndGlobalSection
	GlobalSection(ExtensibilityGlobals) = postSolution
		SolutionGuid = {4C60F4E2-E3D6-4705-8A40-4325EA68E209}
	EndGlobalSection
EndGlobal
